
Microsoft Visual Studio Solution File, Format Version 12.00
Project("{FAE04EC0-301F-11D3-BF4B-00C04F79EFBC}") = "FileParty.Core", ".\src\FileParty.Core\FileParty.Core.csproj", "{4ADB9737-3274-4E6C-ABA0-FE214D89807D}"
EndProject
Project("{FAE04EC0-301F-11D3-BF4B-00C04F79EFBC}") = "FileParty.Providers.FileSystem", "src\FileParty.Providers.FileSystem\FileParty.Providers.FileSystem.csproj", "{F4F0963C-2998-4B87-8BFD-2CF12A5ABDA4}"
EndProject
Project("{2150E333-8FDC-42A3-9474-1A3956D46DE8}") = "src", "src", "{5C3F1ED6-EBB2-443C-8222-CC938FF2EB21}"
EndProject
Project("{2150E333-8FDC-42A3-9474-1A3956D46DE8}") = "test", "test", "{2982CF98-2817-4180-A8F6-1F66E2EAF92C}"
EndProject
Project("{FAE04EC0-301F-11D3-BF4B-00C04F79EFBC}") = "FileParty.Handlers.FileSystem.Tests", ".\test\FileParty.Handlers.FileSystem.Tests\FileParty.Handlers.FileSystem.Tests.csproj", "{792B430A-5277-44B8-9284-2D0C256DF22D}"
EndProject
Project("{FAE04EC0-301F-11D3-BF4B-00C04F79EFBC}") = "FileParty.Providers.AWS.S3", "src\FileParty.Providers.AWS.S3\FileParty.Providers.AWS.S3.csproj", "{739F3D2D-5541-47A3-9C97-5329FB8583CE}"
EndProject
Project("{FAE04EC0-301F-11D3-BF4B-00C04F79EFBC}") = "FileParty.Handlers.AWS.S3.Tests", "test\FileParty.Handlers.AWS.S3.Tests\FileParty.Handlers.AWS.S3.Tests.csproj", "{E557D9D3-A8B9-4D31-BD7A-631C13025ABA}"
EndProject
Project("{2150E333-8FDC-42A3-9474-1A3956D46DE8}") = "misc", "misc", "{7CF1109E-34E6-45B0-98C5-8C6D25FD78AE}"
ProjectSection(SolutionItems) = preProject
	.gitignore = .gitignore
	LICENSE = LICENSE
	README.md = README.md
EndProjectSection
EndProject
Project("{FAE04EC0-301F-11D3-BF4B-00C04F79EFBC}") = "FileParty.Core.Tests", "test\FileParty.Core.Tests\FileParty.Core.Tests.csproj", "{C17D1DB1-7C20-413E-BC69-A0656720FA33}"
EndProject
Global
	GlobalSection(SolutionConfigurationPlatforms) = preSolution
		Debug|Any CPU = Debug|Any CPU
		Release|Any CPU = Release|Any CPU
	EndGlobalSection
	GlobalSection(ProjectConfigurationPlatforms) = postSolution
		{F4F0963C-2998-4B87-8BFD-2CF12A5ABDA4}.Debug|Any CPU.ActiveCfg = Debug|Any CPU
		{F4F0963C-2998-4B87-8BFD-2CF12A5ABDA4}.Debug|Any CPU.Build.0 = Debug|Any CPU
		{F4F0963C-2998-4B87-8BFD-2CF12A5ABDA4}.Release|Any CPU.ActiveCfg = Release|Any CPU
		{F4F0963C-2998-4B87-8BFD-2CF12A5ABDA4}.Release|Any CPU.Build.0 = Release|Any CPU
		{792B430A-5277-44B8-9284-2D0C256DF22D}.Debug|Any CPU.ActiveCfg = Debug|Any CPU
		{792B430A-5277-44B8-9284-2D0C256DF22D}.Debug|Any CPU.Build.0 = Debug|Any CPU
		{792B430A-5277-44B8-9284-2D0C256DF22D}.Release|Any CPU.ActiveCfg = Release|Any CPU
		{792B430A-5277-44B8-9284-2D0C256DF22D}.Release|Any CPU.Build.0 = Release|Any CPU
		{739F3D2D-5541-47A3-9C97-5329FB8583CE}.Debug|Any CPU.ActiveCfg = Debug|Any CPU
		{739F3D2D-5541-47A3-9C97-5329FB8583CE}.Debug|Any CPU.Build.0 = Debug|Any CPU
		{739F3D2D-5541-47A3-9C97-5329FB8583CE}.Release|Any CPU.ActiveCfg = Release|Any CPU
		{739F3D2D-5541-47A3-9C97-5329FB8583CE}.Release|Any CPU.Build.0 = Release|Any CPU
		{E557D9D3-A8B9-4D31-BD7A-631C13025ABA}.Debug|Any CPU.ActiveCfg = Debug|Any CPU
		{E557D9D3-A8B9-4D31-BD7A-631C13025ABA}.Debug|Any CPU.Build.0 = Debug|Any CPU
		{E557D9D3-A8B9-4D31-BD7A-631C13025ABA}.Release|Any CPU.ActiveCfg = Release|Any CPU
		{E557D9D3-A8B9-4D31-BD7A-631C13025ABA}.Release|Any CPU.Build.0 = Release|Any CPU
		{C17D1DB1-7C20-413E-BC69-A0656720FA33}.Debug|Any CPU.ActiveCfg = Debug|Any CPU
		{C17D1DB1-7C20-413E-BC69-A0656720FA33}.Debug|Any CPU.Build.0 = Debug|Any CPU
		{C17D1DB1-7C20-413E-BC69-A0656720FA33}.Release|Any CPU.ActiveCfg = Release|Any CPU
		{C17D1DB1-7C20-413E-BC69-A0656720FA33}.Release|Any CPU.Build.0 = Release|Any CPU
		{4ADB9737-3274-4E6C-ABA0-FE214D89807D}.Debug|Any CPU.ActiveCfg = Debug|Any CPU
		{4ADB9737-3274-4E6C-ABA0-FE214D89807D}.Debug|Any CPU.Build.0 = Debug|Any CPU
		{4ADB9737-3274-4E6C-ABA0-FE214D89807D}.Release|Any CPU.ActiveCfg = Release|Any CPU
		{4ADB9737-3274-4E6C-ABA0-FE214D89807D}.Release|Any CPU.Build.0 = Release|Any CPU
		{22ED881A-4D94-4A4E-B908-BD1F4CCFB026}.Debug|Any CPU.ActiveCfg = Debug|Any CPU
		{22ED881A-4D94-4A4E-B908-BD1F4CCFB026}.Debug|Any CPU.Build.0 = Debug|Any CPU
		{22ED881A-4D94-4A4E-B908-BD1F4CCFB026}.Release|Any CPU.ActiveCfg = Release|Any CPU
		{22ED881A-4D94-4A4E-B908-BD1F4CCFB026}.Release|Any CPU.Build.0 = Release|Any CPU
	EndGlobalSection
	GlobalSection(NestedProjects) = preSolution
		{4ADB9737-3274-4E6C-ABA0-FE214D89807D} = {5C3F1ED6-EBB2-443C-8222-CC938FF2EB21}
		{F4F0963C-2998-4B87-8BFD-2CF12A5ABDA4} = {5C3F1ED6-EBB2-443C-8222-CC938FF2EB21}
		{792B430A-5277-44B8-9284-2D0C256DF22D} = {2982CF98-2817-4180-A8F6-1F66E2EAF92C}
		{739F3D2D-5541-47A3-9C97-5329FB8583CE} = {5C3F1ED6-EBB2-443C-8222-CC938FF2EB21}
		{E557D9D3-A8B9-4D31-BD7A-631C13025ABA} = {2982CF98-2817-4180-A8F6-1F66E2EAF92C}
		{C17D1DB1-7C20-413E-BC69-A0656720FA33} = {2982CF98-2817-4180-A8F6-1F66E2EAF92C}
	EndGlobalSection
EndGlobal
